
Microsoft Visual Studio Solution File, Format Version 12.00
# Visual Studio Version 17
VisualStudioVersion = 17.10.34916.146
MinimumVisualStudioVersion = 10.0.40219.1
Project("{FAE04EC0-301F-11D3-BF4B-00C04F79EFBC}") = "qldt", "qldt\qldt.csproj", "{D606C7E4-99F2-49EC-9485-0C435E731A42}"
EndProject
Global
	GlobalSection(SolutionConfigurationPlatforms) = preSolution
		Debug|Any CPU = Debug|Any CPU
		Release|Any CPU = Release|Any CPU
	EndGlobalSection
	GlobalSection(ProjectConfigurationPlatforms) = postSolution
		{D606C7E4-99F2-49EC-9485-0C435E731A42}.Debug|Any CPU.ActiveCfg = Debug|Any CPU
		{D606C7E4-99F2-49EC-9485-0C435E731A42}.Debug|Any CPU.Build.0 = Debug|Any CPU
		{D606C7E4-99F2-49EC-9485-0C435E731A42}.Release|Any CPU.ActiveCfg = Release|Any CPU
		{D606C7E4-99F2-49EC-9485-0C435E731A42}.Release|Any CPU.Build.0 = Release|Any CPU
	EndGlobalSection
	GlobalSection(SolutionProperties) = preSolution
		HideSolutionNode = FALSE
	EndGlobalSection
	GlobalSection(ExtensibilityGlobals) = postSolution
		SolutionGuid = {1D0283F5-9493-4ED3-A213-EB79CAB6F200}
	EndGlobalSection
EndGlobal
